{
  "nodes": {
    "fenix": {
      "inputs": {
        "nixpkgs": [
          "nixpkgs"
        ],
        "rust-analyzer-src": "rust-analyzer-src"
      },
      "locked": {
        "lastModified": 1789993672,
        "narHash": "sha256-qA/oQtTGQwZeTjTFTw+SRfzTY/PHSA6M2S88/Luzsqw=",
        "owner": "nix-community",
        "repo": "fenix",
        "rev": "73f890f7eff7cd61f9f24d476349aeee818c22f6",
        "type": "github"
      },
      "original": {
        "owner": "nix-community",
        "repo": "fenix",
        "type": "github"
      }
    },
    "nixpkgs": {
      "locked": {
        "lastModified": 1789960332,
        "narHash": "sha256-6LGCY9g1ZBI6kQeF8AKZ49sBPxcWLeuWTtbiC6LDtfU=",
        "rev": "35e212742ceab4ae1dcfbfd9039a39215c816e8e",
        "type": "tarball",
        "url": "https://releases.nixos.org/nixpkgs/nixpkgs-26.11pre1077358.35e212742cea/nixexprs.tar.zst"
      },
      "original": {
        "type": "tarball",
        "url": "https://channels.nixos.org/nixpkgs-unstable/nixexprs.tar.zst"
      }
    },
    "root": {
      "inputs": {
        "fenix": "fenix",
        "nixpkgs": "nixpkgs"
      }
    },
    "rust-analyzer-src": {
      "flake": false,
      "locked": {
        "lastModified": 1789905013,
        "narHash": "sha256-EKsvvSydG/DQnd6diQhQhrhJs1pzPWTDoHA36RO8nWk=",
        "owner": "rust-lang",
        "repo": "rust-analyzer",
        "rev": "aaddfb73fd95f2c0bf001b474dca91ae28bcce3a",
        "type": "github"
      },
      "original": {
        "owner": "rust-lang",
        "ref": "nightly",
        "repo": "rust-analyzer",
        "type": "github"
      }
    }
  },
  "root": "root",
  "version": 7
}
